
Microsoft Visual Studio Solution File, Format Version 12.00
# Visual Studio Version 17
VisualStudioVersion = 17.4.33213.308
MinimumVisualStudioVersion = 10.0.40219.1
Project("{FAE04EC0-301F-11D3-BF4B-00C04F79EFBC}") = "WPF_System_20.06.2023", "WPF_System_20.06.2023\WPF_System_20.06.2023.csproj", "{10CCE463-3FBD-4E43-8424-B08F44E3596C}"
EndProject
Global
	GlobalSection(SolutionConfigurationPlatforms) = preSolution
		Debug|Any CPU = Debug|Any CPU
		Release|Any CPU = Release|Any CPU
	EndGlobalSection
	GlobalSection(ProjectConfigurationPlatforms) = postSolution
		{10CCE463-3FBD-4E43-8424-B08F44E3596C}.Debug|Any CPU.ActiveCfg = Debug|Any CPU
		{10CCE463-3FBD-4E43-8424-B08F44E3596C}.Debug|Any CPU.Build.0 = Debug|Any CPU
		{10CCE463-3FBD-4E43-8424-B08F44E3596C}.Release|Any CPU.ActiveCfg = Release|Any CPU
		{10CCE463-3FBD-4E43-8424-B08F44E3596C}.Release|Any CPU.Build.0 = Release|Any CPU
	EndGlobalSection
	GlobalSection(SolutionProperties) = preSolution
		HideSolutionNode = FALSE
	EndGlobalSection
	GlobalSection(ExtensibilityGlobals) = postSolution
		SolutionGuid = {34C9B366-52AE-43EF-AA8C-1FB791340A2F}
	EndGlobalSection
EndGlobal
